
Microsoft Visual Studio Solution File, Format Version 12.00
# Visual Studio Version 16
VisualStudioVersion = 16.0.31205.134
MinimumVisualStudioVersion = 10.0.40219.1
Project("{9A19103F-16F7-4668-BE54-9A1E7A4F7556}") = "Lesson_4_Task", "Lesson_4_Task\Lesson_4_Task.csproj", "{770F52B7-64D4-4B20-A767-D9B4D2E4EDAE}"
EndProject
Project("{9A19103F-16F7-4668-BE54-9A1E7A4F7556}") = "Task_2", "Task_2\Task_2.csproj", "{CDED09A6-D1C6-4E3B-A44B-5718763CBEBD}"
EndProject
Project("{9A19103F-16F7-4668-BE54-9A1E7A4F7556}") = "Task_3", "Task_3\Task_3.csproj", "{07F9FB0A-08BE-4300-8DAF-5B23F6CD35A6}"
EndProject
Project("{FAE04EC0-301F-11D3-BF4B-00C04F79EFBC}") = "Task_4", "Task_4\Task_4.csproj", "{CEE2E3D6-172B-48EC-B389-EA064996C031}"
EndProject
Global
	GlobalSection(SolutionConfigurationPlatforms) = preSolution
		Debug|Any CPU = Debug|Any CPU
		Release|Any CPU = Release|Any CPU
	EndGlobalSection
	GlobalSection(ProjectConfigurationPlatforms) = postSolution
		{770F52B7-64D4-4B20-A767-D9B4D2E4EDAE}.Debug|Any CPU.ActiveCfg = Debug|Any CPU
		{770F52B7-64D4-4B20-A767-D9B4D2E4EDAE}.Debug|Any CPU.Build.0 = Debug|Any CPU
		{770F52B7-64D4-4B20-A767-D9B4D2E4EDAE}.Release|Any CPU.ActiveCfg = Release|Any CPU
		{770F52B7-64D4-4B20-A767-D9B4D2E4EDAE}.Release|Any CPU.Build.0 = Release|Any CPU
		{CDED09A6-D1C6-4E3B-A44B-5718763CBEBD}.Debug|Any CPU.ActiveCfg = Debug|Any CPU
		{CDED09A6-D1C6-4E3B-A44B-5718763CBEBD}.Debug|Any CPU.Build.0 = Debug|Any CPU
		{CDED09A6-D1C6-4E3B-A44B-5718763CBEBD}.Release|Any CPU.ActiveCfg = Release|Any CPU
		{CDED09A6-D1C6-4E3B-A44B-5718763CBEBD}.Release|Any CPU.Build.0 = Release|Any CPU
		{07F9FB0A-08BE-4300-8DAF-5B23F6CD35A6}.Debug|Any CPU.ActiveCfg = Debug|Any CPU
		{07F9FB0A-08BE-4300-8DAF-5B23F6CD35A6}.Debug|Any CPU.Build.0 = Debug|Any CPU
		{07F9FB0A-08BE-4300-8DAF-5B23F6CD35A6}.Release|Any CPU.ActiveCfg = Release|Any CPU
		{07F9FB0A-08BE-4300-8DAF-5B23F6CD35A6}.Release|Any CPU.Build.0 = Release|Any CPU
		{CEE2E3D6-172B-48EC-B389-EA064996C031}.Debug|Any CPU.ActiveCfg = Debug|Any CPU
		{CEE2E3D6-172B-48EC-B389-EA064996C031}.Debug|Any CPU.Build.0 = Debug|Any CPU
		{CEE2E3D6-172B-48EC-B389-EA064996C031}.Release|Any CPU.ActiveCfg = Release|Any CPU
		{CEE2E3D6-172B-48EC-B389-EA064996C031}.Release|Any CPU.Build.0 = Release|Any CPU
	EndGlobalSection
	GlobalSection(SolutionProperties) = preSolution
		HideSolutionNode = FALSE
	EndGlobalSection
	GlobalSection(ExtensibilityGlobals) = postSolution
		SolutionGuid = {D9C02F41-3D42-4B8A-8C74-84055906B190}
	EndGlobalSection
EndGlobal
