
Microsoft Visual Studio Solution File, Format Version 12.00
# Visual Studio Version 16
VisualStudioVersion = 16.0.31205.134
MinimumVisualStudioVersion = 10.0.40219.1
Project("{FAE04EC0-301F-11D3-BF4B-00C04F79EFBC}") = "Lesson_7_Task", "Lesson_7_Task\Lesson_7_Task.csproj", "{C3FD36FF-7CB1-415C-AC9D-79D178C09CAC}"
EndProject
Global
	GlobalSection(SolutionConfigurationPlatforms) = preSolution
		Debug|Any CPU = Debug|Any CPU
		Release|Any CPU = Release|Any CPU
	EndGlobalSection
	GlobalSection(ProjectConfigurationPlatforms) = postSolution
		{C3FD36FF-7CB1-415C-AC9D-79D178C09CAC}.Debug|Any CPU.ActiveCfg = Debug|Any CPU
		{C3FD36FF-7CB1-415C-AC9D-79D178C09CAC}.Debug|Any CPU.Build.0 = Debug|Any CPU
		{C3FD36FF-7CB1-415C-AC9D-79D178C09CAC}.Release|Any CPU.ActiveCfg = Release|Any CPU
		{C3FD36FF-7CB1-415C-AC9D-79D178C09CAC}.Release|Any CPU.Build.0 = Release|Any CPU
	EndGlobalSection
	GlobalSection(SolutionProperties) = preSolution
		HideSolutionNode = FALSE
	EndGlobalSection
	GlobalSection(ExtensibilityGlobals) = postSolution
		SolutionGuid = {3DEA8A7C-225C-4CA9-9EA4-95C17996B3FA}
	EndGlobalSection
EndGlobal
